# THIS IS AN AUTOGENERATED FILE. DO NOT EDIT THIS FILE DIRECTLY.
# yarn lockfile v1


"@types/three@^0.130.1":
  version "0.130.1"
  resolved "https://registry.yarnpkg.com/@types/three/-/three-0.130.1.tgz#e5c9aadca684ca3da8daf64e8284bd1a9df2fcc8"
  integrity sha512-FlCR3CxQHxCmjI0ZCG59O/E15bV+bx7XRO+nJ7RY8KBg2pEF/52frmV/uh9SrLd+ORx+7Zc7NxnJm5Kj4xS9Sg==

core-js@^3.16.0:
  version "3.16.0"
  resolved "https://registry.yarnpkg.com/core-js/-/core-js-3.16.0.tgz#1d46fb33720bc1fa7f90d20431f36a5540858986"
  integrity sha512-5+5VxRFmSf97nM8Jr2wzOwLqRo6zphH2aX+7KsAUONObyzakDNq2G/bgbhinxB4PoV9L3aXQYhiDKyIKWd2c8g==

three@^0.131.1:
  version "0.131.1"
  resolved "https://registry.yarnpkg.com/three/-/three-0.131.1.tgz#c7d35213a0ec5c3ee28316221ecdf2c18d1140a0"
  integrity sha512-1vojiLBfH7e2GZDEzFBfmzU0b/5uraxdg630PcVCRdzgGOttGe6HmG+n71lLCZZnPOxU9f7UVPiSkKPMsyiB/A==

typescript@^4.3.5:
  version "4.3.5"
  resolved "https://registry.yarnpkg.com/typescript/-/typescript-4.3.5.tgz#4d1c37cc16e893973c45a06886b7113234f119f4"
  integrity sha512-DqQgihaQ9cUrskJo9kIyW/+g0Vxsk8cDtZ52a3NGh0YNTfpUSArXSohyUGnvbPazEPLu398C0UxmKSOrPumUzA==
